
Microsoft Visual Studio Solution File, Format Version 12.00
# Visual Studio 2013
VisualStudioVersion = 12.0.40629.0
MinimumVisualStudioVersion = 10.0.40219.1
Project("{FAE04EC0-301F-11D3-BF4B-00C04F79EFBC}") = "CarRental", "CarRental\CarRental.csproj", "{B474D072-6F89-490D-A322-17AE4562EDE6}"
EndProject
Project("{FAE04EC0-301F-11D3-BF4B-00C04F79EFBC}") = "CarRental.Tests", "CarRental.Tests\CarRental.Tests.csproj", "{72BEAF44-DBBC-45BC-A99D-A62367DF5988}"
EndProject
Global
	GlobalSection(SolutionConfigurationPlatforms) = preSolution
		Debug|Any CPU = Debug|Any CPU
		Release|Any CPU = Release|Any CPU
	EndGlobalSection
	GlobalSection(ProjectConfigurationPlatforms) = postSolution
		{B474D072-6F89-490D-A322-17AE4562EDE6}.Debug|Any CPU.ActiveCfg = Debug|Any CPU
		{B474D072-6F89-490D-A322-17AE4562EDE6}.Debug|Any CPU.Build.0 = Debug|Any CPU
		{B474D072-6F89-490D-A322-17AE4562EDE6}.Release|Any CPU.ActiveCfg = Release|Any CPU
		{B474D072-6F89-490D-A322-17AE4562EDE6}.Release|Any CPU.Build.0 = Release|Any CPU
		{72BEAF44-DBBC-45BC-A99D-A62367DF5988}.Debug|Any CPU.ActiveCfg = Debug|Any CPU
		{72BEAF44-DBBC-45BC-A99D-A62367DF5988}.Debug|Any CPU.Build.0 = Debug|Any CPU
		{72BEAF44-DBBC-45BC-A99D-A62367DF5988}.Release|Any CPU.ActiveCfg = Release|Any CPU
		{72BEAF44-DBBC-45BC-A99D-A62367DF5988}.Release|Any CPU.Build.0 = Release|Any CPU
	EndGlobalSection
	GlobalSection(SolutionProperties) = preSolution
		HideSolutionNode = FALSE
	EndGlobalSection
EndGlobal
